{
  "requires": true,
  "lockfileVersion": 1,
  "dependencies": {
    "@types/tailwindcss": {
      "version": "2.2.1",
      "resolved": "https://registry.npmjs.org/@types/tailwindcss/-/tailwindcss-2.2.1.tgz",
      "integrity": "sha512-raLwtQF+uul9lsvs7+GUizeNrpxRqbnckIu/va5hzPPwZsImZunkyLFAS/1rwEHhhvFMNiMJmTiP5PPGa0oNJA==",
      "dev": true
    }
  }
}
